
Microsoft Visual Studio Solution File, Format Version 12.00
# Visual Studio 14
VisualStudioVersion = 14.0.25123.0
MinimumVisualStudioVersion = 10.0.40219.1
Project("{FAE04EC0-301F-11D3-BF4B-00C04F79EFBC}") = "AnaOkuluUygulamasi", "AnaOkuluUygulamasi\AnaOkuluUygulamasi.csproj", "{7C9C4C59-3B5A-4BD2-88F6-60EEAE846A22}"
EndProject
Global
	GlobalSection(SolutionConfigurationPlatforms) = preSolution
		Debug|Any CPU = Debug|Any CPU
		Release|Any CPU = Release|Any CPU
	EndGlobalSection
	GlobalSection(ProjectConfigurationPlatforms) = postSolution
		{7C9C4C59-3B5A-4BD2-88F6-60EEAE846A22}.Debug|Any CPU.ActiveCfg = Debug|Any CPU
		{7C9C4C59-3B5A-4BD2-88F6-60EEAE846A22}.Debug|Any CPU.Build.0 = Debug|Any CPU
		{7C9C4C59-3B5A-4BD2-88F6-60EEAE846A22}.Release|Any CPU.ActiveCfg = Release|Any CPU
		{7C9C4C59-3B5A-4BD2-88F6-60EEAE846A22}.Release|Any CPU.Build.0 = Release|Any CPU
	EndGlobalSection
	GlobalSection(SolutionProperties) = preSolution
		HideSolutionNode = FALSE
	EndGlobalSection
EndGlobal
